
Microsoft Visual Studio Solution File, Format Version 12.00
# Visual Studio Version 17
VisualStudioVersion = 17.13.35507.96
MinimumVisualStudioVersion = 10.0.40219.1
Project("{FAE04EC0-301F-11D3-BF4B-00C04F79EFBC}") = "TaskAGSR", "src\TaskAGSR\TaskAGSR.csproj", "{EDDD9A26-16D8-E7CA-8D82-FD88F308D90F}"
EndProject
Project("{2150E333-8FDC-42A3-9474-1A3956D46DE8}") = "src", "src", "{02EA681E-C7D8-13C7-8484-4AC65E1B71E8}"
EndProject
Project("{FAE04EC0-301F-11D3-BF4B-00C04F79EFBC}") = "TaskAGSR.Application", "src\TaskAGSR.Application\TaskAGSR.Application.csproj", "{138FF7FE-4CB3-4E85-8D9A-4AA116156E0F}"
EndProject
Project("{FAE04EC0-301F-11D3-BF4B-00C04F79EFBC}") = "TaskAGSR.Domain", "src\TaskAGSR.Domain\TaskAGSR.Domain.csproj", "{F90EC6A9-4CFB-45D9-AE53-F07C582BA2C4}"
EndProject
Project("{FAE04EC0-301F-11D3-BF4B-00C04F79EFBC}") = "TaskAGSR.Infrastructure", "src\TaskAGSR.Infrastructure\TaskAGSR.Infrastructure.csproj", "{071B73B7-73A6-4573-BB14-642FA1E84ACE}"
EndProject
Project("{2150E333-8FDC-42A3-9474-1A3956D46DE8}") = "utils", "utils", "{31AC27F9-6AD2-48FC-A010-5B3FFAD7FB28}"
EndProject
Project("{FAE04EC0-301F-11D3-BF4B-00C04F79EFBC}") = "System.Runtime.CompilerServices", "src\System.Runtime.CompilerServices\System.Runtime.CompilerServices.csproj", "{C54198C0-C9F8-0397-BDC4-AA27DE5CB77A}"
EndProject
Project("{E53339B2-1760-4266-BCC7-CA923CBCF16C}") = "docker-compose", "docker-compose.dcproj", "{81DDED9D-158B-E303-5F62-77A2896D2A5A}"
EndProject
Project("{2150E333-8FDC-42A3-9474-1A3956D46DE8}") = "files", "files", "{02EA681E-C7D8-13C7-8484-4AC65E1B71E8}"
	ProjectSection(SolutionItems) = preProject
		.gitattributes = .gitattributes
		.gitignore = .gitignore
	EndProjectSection
EndProject
Global
	GlobalSection(SolutionConfigurationPlatforms) = preSolution
		Debug|Any CPU = Debug|Any CPU
		Release|Any CPU = Release|Any CPU
	EndGlobalSection
	GlobalSection(ProjectConfigurationPlatforms) = postSolution
		{EDDD9A26-16D8-E7CA-8D82-FD88F308D90F}.Debug|Any CPU.ActiveCfg = Debug|Any CPU
		{EDDD9A26-16D8-E7CA-8D82-FD88F308D90F}.Debug|Any CPU.Build.0 = Debug|Any CPU
		{EDDD9A26-16D8-E7CA-8D82-FD88F308D90F}.Release|Any CPU.ActiveCfg = Release|Any CPU
		{EDDD9A26-16D8-E7CA-8D82-FD88F308D90F}.Release|Any CPU.Build.0 = Release|Any CPU
		{138FF7FE-4CB3-4E85-8D9A-4AA116156E0F}.Debug|Any CPU.ActiveCfg = Debug|Any CPU
		{138FF7FE-4CB3-4E85-8D9A-4AA116156E0F}.Debug|Any CPU.Build.0 = Debug|Any CPU
		{138FF7FE-4CB3-4E85-8D9A-4AA116156E0F}.Release|Any CPU.ActiveCfg = Release|Any CPU
		{138FF7FE-4CB3-4E85-8D9A-4AA116156E0F}.Release|Any CPU.Build.0 = Release|Any CPU
		{F90EC6A9-4CFB-45D9-AE53-F07C582BA2C4}.Debug|Any CPU.ActiveCfg = Debug|Any CPU
		{F90EC6A9-4CFB-45D9-AE53-F07C582BA2C4}.Debug|Any CPU.Build.0 = Debug|Any CPU
		{F90EC6A9-4CFB-45D9-AE53-F07C582BA2C4}.Release|Any CPU.ActiveCfg = Release|Any CPU
		{F90EC6A9-4CFB-45D9-AE53-F07C582BA2C4}.Release|Any CPU.Build.0 = Release|Any CPU
		{071B73B7-73A6-4573-BB14-642FA1E84ACE}.Debug|Any CPU.ActiveCfg = Debug|Any CPU
		{071B73B7-73A6-4573-BB14-642FA1E84ACE}.Debug|Any CPU.Build.0 = Debug|Any CPU
		{071B73B7-73A6-4573-BB14-642FA1E84ACE}.Release|Any CPU.ActiveCfg = Release|Any CPU
		{071B73B7-73A6-4573-BB14-642FA1E84ACE}.Release|Any CPU.Build.0 = Release|Any CPU
		{C54198C0-C9F8-0397-BDC4-AA27DE5CB77A}.Debug|Any CPU.ActiveCfg = Debug|Any CPU
		{C54198C0-C9F8-0397-BDC4-AA27DE5CB77A}.Debug|Any CPU.Build.0 = Debug|Any CPU
		{C54198C0-C9F8-0397-BDC4-AA27DE5CB77A}.Release|Any CPU.ActiveCfg = Release|Any CPU
		{C54198C0-C9F8-0397-BDC4-AA27DE5CB77A}.Release|Any CPU.Build.0 = Release|Any CPU
		{81DDED9D-158B-E303-5F62-77A2896D2A5A}.Debug|Any CPU.ActiveCfg = Debug|Any CPU
		{81DDED9D-158B-E303-5F62-77A2896D2A5A}.Debug|Any CPU.Build.0 = Debug|Any CPU
		{81DDED9D-158B-E303-5F62-77A2896D2A5A}.Release|Any CPU.ActiveCfg = Release|Any CPU
		{81DDED9D-158B-E303-5F62-77A2896D2A5A}.Release|Any CPU.Build.0 = Release|Any CPU
	EndGlobalSection
	GlobalSection(SolutionProperties) = preSolution
		HideSolutionNode = FALSE
	EndGlobalSection
	GlobalSection(NestedProjects) = preSolution
		{EDDD9A26-16D8-E7CA-8D82-FD88F308D90F} = {02EA681E-C7D8-13C7-8484-4AC65E1B71E8}
		{138FF7FE-4CB3-4E85-8D9A-4AA116156E0F} = {02EA681E-C7D8-13C7-8484-4AC65E1B71E8}
		{F90EC6A9-4CFB-45D9-AE53-F07C582BA2C4} = {02EA681E-C7D8-13C7-8484-4AC65E1B71E8}
		{071B73B7-73A6-4573-BB14-642FA1E84ACE} = {02EA681E-C7D8-13C7-8484-4AC65E1B71E8}
		{31AC27F9-6AD2-48FC-A010-5B3FFAD7FB28} = {02EA681E-C7D8-13C7-8484-4AC65E1B71E8}
		{C54198C0-C9F8-0397-BDC4-AA27DE5CB77A} = {31AC27F9-6AD2-48FC-A010-5B3FFAD7FB28}
	EndGlobalSection
	GlobalSection(ExtensibilityGlobals) = postSolution
		SolutionGuid = {D9B4E964-EA93-476E-B1C3-657F3D2FFF74}
	EndGlobalSection
EndGlobal
